
Microsoft Visual Studio Solution File, Format Version 12.00
# Visual Studio Version 17
VisualStudioVersion = 17.4.33122.133
MinimumVisualStudioVersion = 10.0.40219.1
Project("{FAE04EC0-301F-11D3-BF4B-00C04F79EFBC}") = "BlazorApp1.Server", "BlazorApp1\Server\BlazorApp1.Server.csproj", "{EAE89E3D-6852-41E5-B815-D2BECAF4935A}"
EndProject
Project("{FAE04EC0-301F-11D3-BF4B-00C04F79EFBC}") = "BlazorApp1.Client", "BlazorApp1\Client\BlazorApp1.Client.csproj", "{13592C87-2514-4990-A576-C6D138F542DE}"
EndProject
Project("{FAE04EC0-301F-11D3-BF4B-00C04F79EFBC}") = "BlazorApp1.Shared", "BlazorApp1\Shared\BlazorApp1.Shared.csproj", "{AA9FEC97-A1CF-4AB7-BCEA-8048B3407ED2}"
EndProject
Global
	GlobalSection(SolutionConfigurationPlatforms) = preSolution
		Debug|Any CPU = Debug|Any CPU
		Release|Any CPU = Release|Any CPU
	EndGlobalSection
	GlobalSection(ProjectConfigurationPlatforms) = postSolution
		{EAE89E3D-6852-41E5-B815-D2BECAF4935A}.Debug|Any CPU.ActiveCfg = Debug|Any CPU
		{EAE89E3D-6852-41E5-B815-D2BECAF4935A}.Debug|Any CPU.Build.0 = Debug|Any CPU
		{EAE89E3D-6852-41E5-B815-D2BECAF4935A}.Release|Any CPU.ActiveCfg = Release|Any CPU
		{EAE89E3D-6852-41E5-B815-D2BECAF4935A}.Release|Any CPU.Build.0 = Release|Any CPU
		{13592C87-2514-4990-A576-C6D138F542DE}.Debug|Any CPU.ActiveCfg = Debug|Any CPU
		{13592C87-2514-4990-A576-C6D138F542DE}.Debug|Any CPU.Build.0 = Debug|Any CPU
		{13592C87-2514-4990-A576-C6D138F542DE}.Release|Any CPU.ActiveCfg = Release|Any CPU
		{13592C87-2514-4990-A576-C6D138F542DE}.Release|Any CPU.Build.0 = Release|Any CPU
		{AA9FEC97-A1CF-4AB7-BCEA-8048B3407ED2}.Debug|Any CPU.ActiveCfg = Debug|Any CPU
		{AA9FEC97-A1CF-4AB7-BCEA-8048B3407ED2}.Debug|Any CPU.Build.0 = Debug|Any CPU
		{AA9FEC97-A1CF-4AB7-BCEA-8048B3407ED2}.Release|Any CPU.ActiveCfg = Release|Any CPU
		{AA9FEC97-A1CF-4AB7-BCEA-8048B3407ED2}.Release|Any CPU.Build.0 = Release|Any CPU
	EndGlobalSection
	GlobalSection(SolutionProperties) = preSolution
		HideSolutionNode = FALSE
	EndGlobalSection
	GlobalSection(ExtensibilityGlobals) = postSolution
		SolutionGuid = {8D7A3CDD-4CCB-49D3-A30F-1A96C296E3B6}
	EndGlobalSection
EndGlobal
